
Microsoft Visual Studio Solution File, Format Version 12.00
# Visual Studio Version 17
VisualStudioVersion = 17.0.32112.339
MinimumVisualStudioVersion = 10.0.40219.1
Project("{FAE04EC0-301F-11D3-BF4B-00C04F79EFBC}") = "BooksManager", "BooksManager\BooksManager.csproj", "{74EF9CB4-980B-493F-933E-1F7A5A2FBE46}"
EndProject
Global
	GlobalSection(SolutionConfigurationPlatforms) = preSolution
		Debug|Any CPU = Debug|Any CPU
		Release|Any CPU = Release|Any CPU
	EndGlobalSection
	GlobalSection(ProjectConfigurationPlatforms) = postSolution
		{74EF9CB4-980B-493F-933E-1F7A5A2FBE46}.Debug|Any CPU.ActiveCfg = Debug|Any CPU
		{74EF9CB4-980B-493F-933E-1F7A5A2FBE46}.Debug|Any CPU.Build.0 = Debug|Any CPU
		{74EF9CB4-980B-493F-933E-1F7A5A2FBE46}.Release|Any CPU.ActiveCfg = Release|Any CPU
		{74EF9CB4-980B-493F-933E-1F7A5A2FBE46}.Release|Any CPU.Build.0 = Release|Any CPU
	EndGlobalSection
	GlobalSection(SolutionProperties) = preSolution
		HideSolutionNode = FALSE
	EndGlobalSection
	GlobalSection(ExtensibilityGlobals) = postSolution
		SolutionGuid = {269E2A68-07D3-471D-B43E-89D91516D453}
	EndGlobalSection
EndGlobal
